// !$*UTF8*$!
{
	archiveVersion = 1;
	classes = {
	};
	objectVersion = 46;
	objects = {

/* Begin PBXBuildFile section */
		D46FFD381AEFF0FE00581871 /* AppDelegate.swift in Sources */ = {isa = PBXBuildFile; fileRef = D46FFD371AEFF0FE00581871 /* AppDelegate.swift */; };
		D46FFD3B1AEFF0FE00581871 /* GitApp.xcdatamodeld in Sources */ = {isa = PBXBuildFile; fileRef = D46FFD391AEFF0FE00581871 /* GitApp.xcdatamodeld */; };
		D46FFD3D1AEFF0FE00581871 /* ViewController.swift in Sources */ = {isa = PBXBuildFile; fileRef = D46FFD3C1AEFF0FE00581871 /* ViewController.swift */; };
		D46FFD401AEFF0FE00581871 /* Main.storyboard in Resources */ = {isa = PBXBuildFile; fileRef = D46FFD3E1AEFF0FE00581871 /* Main.storyboard */; };
		D46FFD421AEFF0FE00581871 /* Images.xcassets in Resources */ = {isa = PBXBuildFile; fileRef = D46FFD411AEFF0FE00581871 /* Images.xcassets */; };
		D46FFD451AEFF0FE00581871 /* LaunchScreen.xib in Resources */ = {isa = PBXBuildFile; fileRef = D46FFD431AEFF0FE00581871 /* LaunchScreen.xib */; };
		D46FFD511AEFF0FE00581871 /* GitAppTests.swift in Sources */ = {isa = PBXBuildFile; fileRef = D46FFD501AEFF0FE00581871 /* GitAppTests.swift */; };
		D46FFD5B1AEFF85600581871 /* extensions.swift in Sources */ = {isa = PBXBuildFile; fileRef = D46FFD5A1AEFF85600581871 /* extensions.swift */; };
		D46FFD5F1AEFFC3300581871 /* TableView.swift in Sources */ = {isa = PBXBuildFile; fileRef = D46FFD5E1AEFFC3300581871 /* TableView.swift */; };
		D46FFD631AEFFE6600581871 /* TableViewCell.swift in Sources */ = {isa = PBXBuildFile; fileRef = D46FFD621AEFFE6600581871 /* TableViewCell.swift */; };
		D4C0E93F1AF147A1008895A7 /* Manager.swift in Sources */ = {isa = PBXBuildFile; fileRef = D4C0E93E1AF147A1008895A7 /* Manager.swift */; };
/* End PBXBuildFile section */

/* Begin PBXContainerItemProxy section */
		D46FFD4B1AEFF0FE00581871 /* PBXContainerItemProxy */ = {
			isa = PBXContainerItemProxy;
			containerPortal = D46FFD2A1AEFF0FE00581871 /* Project object */;
			proxyType = 1;
			remoteGlobalIDString = D46FFD311AEFF0FE00581871;
			remoteInfo = GitApp;
		};
/* End PBXContainerItemProxy section */

/* Begin PBXFileReference section */
		D46FFD321AEFF0FE00581871 /* GitApp.app */ = {isa = PBXFileReference; explicitFileType = wrapper.application; includeInIndex = 0; path = GitApp.app; sourceTree = BUILT_PRODUCTS_DIR; };
		D46FFD361AEFF0FE00581871 /* Info.plist */ = {isa = PBXFileReference; lastKnownFileType = text.plist.xml; path = Info.plist; sourceTree = "<group>"; };
		D46FFD371AEFF0FE00581871 /* AppDelegate.swift */ = {isa = PBXFileReference; lastKnownFileType = sourcecode.swift; path = AppDelegate.swift; sourceTree = "<group>"; };
		D46FFD3A1AEFF0FE00581871 /* GitApp.xcdatamodel */ = {isa = PBXFileReference; lastKnownFileType = wrapper.xcdatamodel; path = GitApp.xcdatamodel; sourceTree = "<group>"; };
		D46FFD3C1AEFF0FE00581871 /* ViewController.swift */ = {isa = PBXFileReference; lastKnownFileType = sourcecode.swift; path = ViewController.swift; sourceTree = "<group>"; };
		D46FFD3F1AEFF0FE00581871 /* Base */ = {isa = PBXFileReference; lastKnownFileType = file.storyboard; name = Base; path = Base.lproj/Main.storyboard; sourceTree = "<group>"; };
		D46FFD411AEFF0FE00581871 /* Images.xcassets */ = {isa = PBXFileReference; lastKnownFileType = folder.assetcatalog; path = Images.xcassets; sourceTree = "<group>"; };
		D46FFD441AEFF0FE00581871 /* Base */ = {isa = PBXFileReference; lastKnownFileType = file.xib; name = Base; path = Base.lproj/LaunchScreen.xib; sourceTree = "<group>"; };
		D46FFD4A1AEFF0FE00581871 /* GitAppTests.xctest */ = {isa = PBXFileReference; explicitFileType = wrapper.cfbundle; includeInIndex = 0; path = GitAppTests.xctest; sourceTree = BUILT_PRODUCTS_DIR; };
		D46FFD4F1AEFF0FE00581871 /* Info.plist */ = {isa = PBXFileReference; lastKnownFileType = text.plist.xml; path = Info.plist; sourceTree = "<group>"; };
		D46FFD501AEFF0FE00581871 /* GitAppTests.swift */ = {isa = PBXFileReference; lastKnownFileType = sourcecode.swift; path = GitAppTests.swift; sourceTree = "<group>"; };
		D46FFD5A1AEFF85600581871 /* extensions.swift */ = {isa = PBXFileReference; fileEncoding = 4; lastKnownFileType = sourcecode.swift; path = extensions.swift; sourceTree = "<group>"; };
		D46FFD5E1AEFFC3300581871 /* TableView.swift */ = {isa = PBXFileReference; fileEncoding = 4; lastKnownFileType = sourcecode.swift; path = TableView.swift; sourceTree = "<group>"; };
		D46FFD621AEFFE6600581871 /* TableViewCell.swift */ = {isa = PBXFileReference; fileEncoding = 4; lastKnownFileType = sourcecode.swift; path = TableViewCell.swift; sourceTree = "<group>"; };
		D4C0E93E1AF147A1008895A7 /* Manager.swift */ = {isa = PBXFileReference; fileEncoding = 4; lastKnownFileType = sourcecode.swift; path = Manager.swift; sourceTree = "<group>"; };
/* End PBXFileReference section */

/* Begin PBXFrameworksBuildPhase section */
		D46FFD2F1AEFF0FE00581871 /* Frameworks */ = {
			isa = PBXFrameworksBuildPhase;
			buildActionMask = 2147483647;
			files = (
			);
			runOnlyForDeploymentPostprocessing = 0;
		};
		D46FFD471AEFF0FE00581871 /* Frameworks */ = {
			isa = PBXFrameworksBuildPhase;
			buildActionMask = 2147483647;
			files = (
			);
			runOnlyForDeploymentPostprocessing = 0;
		};
/* End PBXFrameworksBuildPhase section */

/* Begin PBXGroup section */
		D46FFD291AEFF0FE00581871 = {
			isa = PBXGroup;
			children = (
				D46FFD341AEFF0FE00581871 /* GitApp */,
				D46FFD4D1AEFF0FE00581871 /* GitAppTests */,
				D46FFD331AEFF0FE00581871 /* Products */,
			);
			sourceTree = "<group>";
		};
		D46FFD331AEFF0FE00581871 /* Products */ = {
			isa = PBXGroup;
			children = (
				D46FFD321AEFF0FE00581871 /* GitApp.app */,
				D46FFD4A1AEFF0FE00581871 /* GitAppTests.xctest */,
			);
			name = Products;
			sourceTree = "<group>";
		};
		D46FFD341AEFF0FE00581871 /* GitApp */ = {
			isa = PBXGroup;
			children = (
				D46FFD371AEFF0FE00581871 /* AppDelegate.swift */,
				D46FFD3C1AEFF0FE00581871 /* ViewController.swift */,
				D46FFD5E1AEFFC3300581871 /* TableView.swift */,
				D4C0E93E1AF147A1008895A7 /* Manager.swift */,
				D46FFD3E1AEFF0FE00581871 /* Main.storyboard */,
				D46FFD621AEFFE6600581871 /* TableViewCell.swift */,
				D46FFD5A1AEFF85600581871 /* extensions.swift */,
				D46FFD411AEFF0FE00581871 /* Images.xcassets */,
				D46FFD431AEFF0FE00581871 /* LaunchScreen.xib */,
				D46FFD391AEFF0FE00581871 /* GitApp.xcdatamodeld */,
				D46FFD351AEFF0FE00581871 /* Supporting Files */,
			);
			path = GitApp;
			sourceTree = "<group>";
		};
		D46FFD351AEFF0FE00581871 /* Supporting Files */ = {
			isa = PBXGroup;
			children = (
				D46FFD361AEFF0FE00581871 /* Info.plist */,
			);
			name = "Supporting Files";
			sourceTree = "<group>";
		};
		D46FFD4D1AEFF0FE00581871 /* GitAppTests */ = {
			isa = PBXGroup;
			children = (
				D46FFD501AEFF0FE00581871 /* GitAppTests.swift */,
				D46FFD4E1AEFF0FE00581871 /* Supporting Files */,
			);
			path = GitAppTests;
			sourceTree = "<group>";
		};
		D46FFD4E1AEFF0FE00581871 /* Supporting Files */ = {
			isa = PBXGroup;
			children = (
				D46FFD4F1AEFF0FE00581871 /* Info.plist */,
			);
			name = "Supporting Files";
			sourceTree = "<group>";
		};
/* End PBXGroup section */

/* Begin PBXNativeTarget section */
		D46FFD311AEFF0FE00581871 /* GitApp */ = {
			isa = PBXNativeTarget;
			buildConfigurationList = D46FFD541AEFF0FE00581871 /* Build configuration list for PBXNativeTarget "GitApp" */;
			buildPhases = (
				D46FFD2E1AEFF0FE00581871 /* Sources */,
				D46FFD2F1AEFF0FE00581871 /* Frameworks */,
				D46FFD301AEFF0FE00581871 /* Resources */,
			);
			buildRules = (
			);
			dependencies = (
			);
			name = GitApp;
			productName = GitApp;
			productReference = D46FFD321AEFF0FE00581871 /* GitApp.app */;
			productType = "com.apple.product-type.application";
		};
		D46FFD491AEFF0FE00581871 /* GitAppTests */ = {
			isa = PBXNativeTarget;
			buildConfigurationList = D46FFD571AEFF0FE00581871 /* Build configuration list for PBXNativeTarget "GitAppTests" */;
			buildPhases = (
				D46FFD461AEFF0FE00581871 /* Sources */,
				D46FFD471AEFF0FE00581871 /* Frameworks */,
				D46FFD481AEFF0FE00581871 /* Resources */,
			);
			buildRules = (
			);
			dependencies = (
				D46FFD4C1AEFF0FE00581871 /* PBXTargetDependency */,
			);
			name = GitAppTests;
			productName = GitAppTests;
			productReference = D46FFD4A1AEFF0FE00581871 /* GitAppTests.xctest */;
			productType = "com.apple.product-type.bundle.unit-test";
		};
/* End PBXNativeTarget section */

/* Begin PBXProject section */
		D46FFD2A1AEFF0FE00581871 /* Project object */ = {
			isa = PBXProject;
			attributes = {
				LastUpgradeCheck = 0630;
				ORGANIZATIONNAME = Fernando;
				TargetAttributes = {
					D46FFD311AEFF0FE00581871 = {
						CreatedOnToolsVersion = 6.3.1;
					};
					D46FFD491AEFF0FE00581871 = {
						CreatedOnToolsVersion = 6.3.1;
						TestTargetID = D46FFD311AEFF0FE00581871;
					};
				};
			};
			buildConfigurationList = D46FFD2D1AEFF0FE00581871 /* Build configuration list for PBXProject "GitApp" */;
			compatibilityVersion = "Xcode 3.2";
			developmentRegion = English;
			hasScannedForEncodings = 0;
			knownRegions = (
				en,
				Base,
			);
			mainGroup = D46FFD291AEFF0FE00581871;
			productRefGroup = D46FFD331AEFF0FE00581871 /* Products */;
			projectDirPath = "";
			projectRoot = "";
			targets = (
				D46FFD311AEFF0FE00581871 /* GitApp */,
				D46FFD491AEFF0FE00581871 /* GitAppTests */,
			);
		};
/* End PBXProject section */

/* Begin PBXResourcesBuildPhase section */
		D46FFD301AEFF0FE00581871 /* Resources */ = {
			isa = PBXResourcesBuildPhase;
			buildActionMask = 2147483647;
			files = (
				D46FFD401AEFF0FE00581871 /* Main.storyboard in Resources */,
				D46FFD451AEFF0FE00581871 /* LaunchScreen.xib in Resources */,
				D46FFD421AEFF0FE00581871 /* Images.xcassets in Resources */,
			);
			runOnlyForDeploymentPostprocessing = 0;
		};
		D46FFD481AEFF0FE00581871 /* Resources */ = {
			isa = PBXResourcesBuildPhase;
			buildActionMask = 2147483647;
			files = (
			);
			runOnlyForDeploymentPostprocessing = 0;
		};
/* End PBXResourcesBuildPhase section */

/* Begin PBXSourcesBuildPhase section */
		D46FFD2E1AEFF0FE00581871 /* Sources */ = {
			isa = PBXSourcesBuildPhase;
			buildActionMask = 2147483647;
			files = (
				D46FFD3D1AEFF0FE00581871 /* ViewController.swift in Sources */,
				D46FFD5F1AEFFC3300581871 /* TableView.swift in Sources */,
				D46FFD3B1AEFF0FE00581871 /* GitApp.xcdatamodeld in Sources */,
				D46FFD631AEFFE6600581871 /* TableViewCell.swift in Sources */,
				D4C0E93F1AF147A1008895A7 /* Manager.swift in Sources */,
				D46FFD381AEFF0FE00581871 /* AppDelegate.swift in Sources */,
				D46FFD5B1AEFF85600581871 /* extensions.swift in Sources */,
			);
			runOnlyForDeploymentPostprocessing = 0;
		};
		D46FFD461AEFF0FE00581871 /* Sources */ = {
			isa = PBXSourcesBuildPhase;
			buildActionMask = 2147483647;
			files = (
				D46FFD511AEFF0FE00581871 /* GitAppTests.swift in Sources */,
			);
			runOnlyForDeploymentPostprocessing = 0;
		};
/* End PBXSourcesBuildPhase section */

/* Begin PBXTargetDependency section */
		D46FFD4C1AEFF0FE00581871 /* PBXTargetDependency */ = {
			isa = PBXTargetDependency;
			target = D46FFD311AEFF0FE00581871 /* GitApp */;
			targetProxy = D46FFD4B1AEFF0FE00581871 /* PBXContainerItemProxy */;
		};
/* End PBXTargetDependency section */

/* Begin PBXVariantGroup section */
		D46FFD3E1AEFF0FE00581871 /* Main.storyboard */ = {
			isa = PBXVariantGroup;
			children = (
				D46FFD3F1AEFF0FE00581871 /* Base */,
			);
			name = Main.storyboard;
			sourceTree = "<group>";
		};
		D46FFD431AEFF0FE00581871 /* LaunchScreen.xib */ = {
			isa = PBXVariantGroup;
			children = (
				D46FFD441AEFF0FE00581871 /* Base */,
			);
			name = LaunchScreen.xib;
			sourceTree = "<group>";
		};
/* End PBXVariantGroup section */

/* Begin XCBuildConfiguration section */
		D46FFD521AEFF0FE00581871 /* Debug */ = {
			isa = XCBuildConfiguration;
			buildSettings = {
				ALWAYS_SEARCH_USER_PATHS = NO;
				CLANG_CXX_LANGUAGE_STANDARD = "gnu++0x";
				CLANG_CXX_LIBRARY = "libc++";
				CLANG_ENABLE_MODULES = YES;
				CLANG_ENABLE_OBJC_ARC = YES;
				CLANG_WARN_BOOL_CONVERSION = YES;
				CLANG_WARN_CONSTANT_CONVERSION = YES;
				CLANG_WARN_DIRECT_OBJC_ISA_USAGE = YES_ERROR;
				CLANG_WARN_EMPTY_BODY = YES;
				CLANG_WARN_ENUM_CONVERSION = YES;
				CLANG_WARN_INT_CONVERSION = YES;
				CLANG_WARN_OBJC_ROOT_CLASS = YES_ERROR;
				CLANG_WARN_UNREACHABLE_CODE = YES;
				CLANG_WARN__DUPLICATE_METHOD_MATCH = YES;
				"CODE_SIGN_IDENTITY[sdk=iphoneos*]" = "iPhone Developer";
				COPY_PHASE_STRIP = NO;
				DEBUG_INFORMATION_FORMAT = "dwarf-with-dsym";
				ENABLE_STRICT_OBJC_MSGSEND = YES;
				GCC_C_LANGUAGE_STANDARD = gnu99;
				GCC_DYNAMIC_NO_PIC = NO;
				GCC_NO_COMMON_BLOCKS = YES;
				GCC_OPTIMIZATION_LEVEL = 0;
				GCC_PREPROCESSOR_DEFINITIONS = (
					"DEBUG=1",
					"$(inherited)",
				);
				GCC_SYMBOLS_PRIVATE_EXTERN = NO;
				GCC_WARN_64_TO_32_BIT_CONVERSION = YES;
				GCC_WARN_ABOUT_RETURN_TYPE = YES_ERROR;
				GCC_WARN_UNDECLARED_SELECTOR = YES;
				GCC_WARN_UNINITIALIZED_AUTOS = YES_AGGRESSIVE;
				GCC_WARN_UNUSED_FUNCTION = YES;
				GCC_WARN_UNUSED_VARIABLE = YES;
				IPHONEOS_DEPLOYMENT_TARGET = 8.3;
				MTL_ENABLE_DEBUG_INFO = YES;
				ONLY_ACTIVE_ARCH = YES;
				SDKROOT = iphoneos;
				SWIFT_OPTIMIZATION_LEVEL = "-Onone";
			};
			name = Debug;
		};
		D46FFD531AEFF0FE00581871 /* Release */ = {
			isa = XCBuildConfiguration;
			buildSettings = {
				ALWAYS_SEARCH_USER_PATHS = NO;
				CLANG_CXX_LANGUAGE_STANDARD = "gnu++0x";
				CLANG_CXX_LIBRARY = "libc++";
				CLANG_ENABLE_MODULES = YES;
				CLANG_ENABLE_OBJC_ARC = YES;
				CLANG_WARN_BOOL_CONVERSION = YES;
				CLANG_WARN_CONSTANT_CONVERSION = YES;
				CLANG_WARN_DIRECT_OBJC_ISA_USAGE = YES_ERROR;
				CLANG_WARN_EMPTY_BODY = YES;
				CLANG_WARN_ENUM_CONVERSION = YES;
				CLANG_WARN_INT_CONVERSION = YES;
				CLANG_WARN_OBJC_ROOT_CLASS = YES_ERROR;
				CLANG_WARN_UNREACHABLE_CODE = YES;
				CLANG_WARN__DUPLICATE_METHOD_MATCH = YES;
				"CODE_SIGN_IDENTITY[sdk=iphoneos*]" = "iPhone Developer";
				COPY_PHASE_STRIP = NO;
				DEBUG_INFORMATION_FORMAT = "dwarf-with-dsym";
				ENABLE_NS_ASSERTIONS = NO;
				ENABLE_STRICT_OBJC_MSGSEND = YES;
				GCC_C_LANGUAGE_STANDARD = gnu99;
				GCC_NO_COMMON_BLOCKS = YES;
				GCC_WARN_64_TO_32_BIT_CONVERSION = YES;
				GCC_WARN_ABOUT_RETURN_TYPE = YES_ERROR;
				GCC_WARN_UNDECLARED_SELECTOR = YES;
				GCC_WARN_UNINITIALIZED_AUTOS = YES_AGGRESSIVE;
				GCC_WARN_UNUSED_FUNCTION = YES;
				GCC_WARN_UNUSED_VARIABLE = YES;
				IPHONEOS_DEPLOYMENT_TARGET = 8.3;
				MTL_ENABLE_DEBUG_INFO = NO;
				SDKROOT = iphoneos;
				VALIDATE_PRODUCT = YES;
			};
			name = Release;
		};
		D46FFD551AEFF0FE00581871 /* Debug */ = {
			isa = XCBuildConfiguration;
			buildSettings = {
				ASSETCATALOG_COMPILER_APPICON_NAME = AppIcon;
				INFOPLIST_FILE = GitApp/Info.plist;
				LD_RUNPATH_SEARCH_PATHS = "$(inherited) @executable_path/Frameworks";
				PRODUCT_NAME = "$(TARGET_NAME)";
			};
			name = Debug;
		};
		D46FFD561AEFF0FE00581871 /* Release */ = {
			isa = XCBuildConfiguration;
			buildSettings = {
				ASSETCATALOG_COMPILER_APPICON_NAME = AppIcon;
				INFOPLIST_FILE = GitApp/Info.plist;
				LD_RUNPATH_SEARCH_PATHS = "$(inherited) @executable_path/Frameworks";
				PRODUCT_NAME = "$(TARGET_NAME)";
			};
			name = Release;
		};
		D46FFD581AEFF0FE00581871 /* Debug */ = {
			isa = XCBuildConfiguration;
			buildSettings = {
				BUNDLE_LOADER = "$(TEST_HOST)";
				FRAMEWORK_SEARCH_PATHS = (
					"$(SDKROOT)/Developer/Library/Frameworks",
					"$(inherited)",
				);
				GCC_PREPROCESSOR_DEFINITIONS = (
					"DEBUG=1",
					"$(inherited)",
				);
				INFOPLIST_FILE = GitAppTests/Info.plist;
				LD_RUNPATH_SEARCH_PATHS = "$(inherited) @executable_path/Frameworks @loader_path/Frameworks";
				PRODUCT_NAME = "$(TARGET_NAME)";
				TEST_HOST = "$(BUILT_PRODUCTS_DIR)/GitApp.app/GitApp";
			};
			name = Debug;
		};
		D46FFD591AEFF0FE00581871 /* Release */ = {
			isa = XCBuildConfiguration;
			buildSettings = {
				BUNDLE_LOADER = "$(TEST_HOST)";
				FRAMEWORK_SEARCH_PATHS = (
					"$(SDKROOT)/Developer/Library/Frameworks",
					"$(inherited)",
				);
				INFOPLIST_FILE = GitAppTests/Info.plist;
				LD_RUNPATH_SEARCH_PATHS = "$(inherited) @executable_path/Frameworks @loader_path/Frameworks";
				PRODUCT_NAME = "$(TARGET_NAME)";
				TEST_HOST = "$(BUILT_PRODUCTS_DIR)/GitApp.app/GitApp";
			};
			name = Release;
		};
/* End XCBuildConfiguration section */

/* Begin XCConfigurationList section */
		D46FFD2D1AEFF0FE00581871 /* Build configuration list for PBXProject "GitApp" */ = {
			isa = XCConfigurationList;
			buildConfigurations = (
				D46FFD521AEFF0FE00581871 /* Debug */,
				D46FFD531AEFF0FE00581871 /* Release */,
			);
			defaultConfigurationIsVisible = 0;
			defaultConfigurationName = Release;
		};
		D46FFD541AEFF0FE00581871 /* Build configuration list for PBXNativeTarget "GitApp" */ = {
			isa = XCConfigurationList;
			buildConfigurations = (
				D46FFD551AEFF0FE00581871 /* Debug */,
				D46FFD561AEFF0FE00581871 /* Release */,
			);
			defaultConfigurationIsVisible = 0;
			defaultConfigurationName = Release;
		};
		D46FFD571AEFF0FE00581871 /* Build configuration list for PBXNativeTarget "GitAppTests" */ = {
			isa = XCConfigurationList;
			buildConfigurations = (
				D46FFD581AEFF0FE00581871 /* Debug */,
				D46FFD591AEFF0FE00581871 /* Release */,
			);
			defaultConfigurationIsVisible = 0;
			defaultConfigurationName = Release;
		};
/* End XCConfigurationList section */

/* Begin XCVersionGroup section */
		D46FFD391AEFF0FE00581871 /* GitApp.xcdatamodeld */ = {
			isa = XCVersionGroup;
			children = (
				D46FFD3A1AEFF0FE00581871 /* GitApp.xcdatamodel */,
			);
			currentVersion = D46FFD3A1AEFF0FE00581871 /* GitApp.xcdatamodel */;
			path = GitApp.xcdatamodeld;
			sourceTree = "<group>";
			versionGroupType = wrapper.xcdatamodel;
		};
/* End XCVersionGroup section */
	};
	rootObject = D46FFD2A1AEFF0FE00581871 /* Project object */;
}
